
Microsoft Visual Studio Solution File, Format Version 12.00
# Visual Studio Version 17
VisualStudioVersion = 17.2.32505.173
MinimumVisualStudioVersion = 10.0.40219.1
Project("{9A19103F-16F7-4668-BE54-9A1E7A4F7556}") = "MissionLoader", "MissionLoader.csproj", "{0F7F3E08-A4E8-42A0-A2B7-FB2FCC72FFAC}"
EndProject
Global
	GlobalSection(SolutionConfigurationPlatforms) = preSolution
		Debug|Any CPU = Debug|Any CPU
		Export|Any CPU = Export|Any CPU
		Release|Any CPU = Release|Any CPU
	EndGlobalSection
	GlobalSection(ProjectConfigurationPlatforms) = postSolution
		{0F7F3E08-A4E8-42A0-A2B7-FB2FCC72FFAC}.Debug|Any CPU.ActiveCfg = Debug|Any CPU
		{0F7F3E08-A4E8-42A0-A2B7-FB2FCC72FFAC}.Debug|Any CPU.Build.0 = Debug|Any CPU
		{0F7F3E08-A4E8-42A0-A2B7-FB2FCC72FFAC}.Export|Any CPU.ActiveCfg = Export|Any CPU
		{0F7F3E08-A4E8-42A0-A2B7-FB2FCC72FFAC}.Export|Any CPU.Build.0 = Export|Any CPU
		{0F7F3E08-A4E8-42A0-A2B7-FB2FCC72FFAC}.Release|Any CPU.ActiveCfg = Release|Any CPU
		{0F7F3E08-A4E8-42A0-A2B7-FB2FCC72FFAC}.Release|Any CPU.Build.0 = Release|Any CPU
	EndGlobalSection
	GlobalSection(SolutionProperties) = preSolution
		HideSolutionNode = FALSE
	EndGlobalSection
	GlobalSection(ExtensibilityGlobals) = postSolution
		SolutionGuid = {7B88341D-E30F-4372-A136-318CB2875BC0}
	EndGlobalSection
EndGlobal
